// !$*UTF8*$!
{
	archiveVersion = 1;
	classes = {
	};
	objectVersion = 56;
	objects = {

/* Begin PBXBuildFile section */
		4B45B9EF298EDD9D007C8AED /* AppDelegate.swift in Sources */ = {isa = PBXBuildFile; fileRef = 4B45B9EE298EDD9D007C8AED /* AppDelegate.swift */; };
		4B45B9F1298EDD9D007C8AED /* SceneDelegate.swift in Sources */ = {isa = PBXBuildFile; fileRef = 4B45B9F0298EDD9D007C8AED /* SceneDelegate.swift */; };
		4B45B9F3298EDD9D007C8AED /* ViewController.swift in Sources */ = {isa = PBXBuildFile; fileRef = 4B45B9F2298EDD9D007C8AED /* ViewController.swift */; };
		4B45B9F6298EDD9D007C8AED /* Main.storyboard in Resources */ = {isa = PBXBuildFile; fileRef = 4B45B9F4298EDD9D007C8AED /* Main.storyboard */; };
		4B45B9F9298EDD9D007C8AED /* MyGames.xcdatamodeld in Sources */ = {isa = PBXBuildFile; fileRef = 4B45B9F7298EDD9D007C8AED /* MyGames.xcdatamodeld */; };
		4B45B9FB298EDD9F007C8AED /* Assets.xcassets in Resources */ = {isa = PBXBuildFile; fileRef = 4B45B9FA298EDD9F007C8AED /* Assets.xcassets */; };
		4B45B9FE298EDD9F007C8AED /* LaunchScreen.storyboard in Resources */ = {isa = PBXBuildFile; fileRef = 4B45B9FC298EDD9F007C8AED /* LaunchScreen.storyboard */; };
		4B45BA0629911F2E007C8AED /* GamesTableViewController.swift in Sources */ = {isa = PBXBuildFile; fileRef = 4B45BA0529911F2E007C8AED /* GamesTableViewController.swift */; };
		4B45BA0829911F52007C8AED /* ConsolesTableViewController.swift in Sources */ = {isa = PBXBuildFile; fileRef = 4B45BA0729911F52007C8AED /* ConsolesTableViewController.swift */; };
		4B45BA0A29911F78007C8AED /* GameViewController.swift in Sources */ = {isa = PBXBuildFile; fileRef = 4B45BA0929911F78007C8AED /* GameViewController.swift */; };
		4B45BA0C29911F93007C8AED /* AddEditViewController.swift in Sources */ = {isa = PBXBuildFile; fileRef = 4B45BA0B29911F93007C8AED /* AddEditViewController.swift */; };
		4B45BA0E29912299007C8AED /* GameTableViewCell.swift in Sources */ = {isa = PBXBuildFile; fileRef = 4B45BA0D29912299007C8AED /* GameTableViewCell.swift */; };
		4BCB5D7E29991B420007F52E /* ConsolesManager.swift in Sources */ = {isa = PBXBuildFile; fileRef = 4BCB5D7D29991B420007F52E /* ConsolesManager.swift */; };
		4BEE648529941F36000F4126 /* ViewController+CoreData.swift in Sources */ = {isa = PBXBuildFile; fileRef = 4BEE648429941F36000F4126 /* ViewController+CoreData.swift */; };
/* End PBXBuildFile section */

/* Begin PBXFileReference section */
		4B45B9EB298EDD9D007C8AED /* MyGames.app */ = {isa = PBXFileReference; explicitFileType = wrapper.application; includeInIndex = 0; path = MyGames.app; sourceTree = BUILT_PRODUCTS_DIR; };
		4B45B9EE298EDD9D007C8AED /* AppDelegate.swift */ = {isa = PBXFileReference; lastKnownFileType = sourcecode.swift; path = AppDelegate.swift; sourceTree = "<group>"; };
		4B45B9F0298EDD9D007C8AED /* SceneDelegate.swift */ = {isa = PBXFileReference; lastKnownFileType = sourcecode.swift; path = SceneDelegate.swift; sourceTree = "<group>"; };
		4B45B9F2298EDD9D007C8AED /* ViewController.swift */ = {isa = PBXFileReference; lastKnownFileType = sourcecode.swift; path = ViewController.swift; sourceTree = "<group>"; };
		4B45B9F5298EDD9D007C8AED /* Base */ = {isa = PBXFileReference; lastKnownFileType = file.storyboard; name = Base; path = Base.lproj/Main.storyboard; sourceTree = "<group>"; };
		4B45B9F8298EDD9D007C8AED /* MyGames.xcdatamodel */ = {isa = PBXFileReference; lastKnownFileType = wrapper.xcdatamodel; path = MyGames.xcdatamodel; sourceTree = "<group>"; };
		4B45B9FA298EDD9F007C8AED /* Assets.xcassets */ = {isa = PBXFileReference; lastKnownFileType = folder.assetcatalog; path = Assets.xcassets; sourceTree = "<group>"; };
		4B45B9FD298EDD9F007C8AED /* Base */ = {isa = PBXFileReference; lastKnownFileType = file.storyboard; name = Base; path = Base.lproj/LaunchScreen.storyboard; sourceTree = "<group>"; };
		4B45B9FF298EDD9F007C8AED /* Info.plist */ = {isa = PBXFileReference; lastKnownFileType = text.plist.xml; path = Info.plist; sourceTree = "<group>"; };
		4B45BA0529911F2E007C8AED /* GamesTableViewController.swift */ = {isa = PBXFileReference; lastKnownFileType = sourcecode.swift; path = GamesTableViewController.swift; sourceTree = "<group>"; };
		4B45BA0729911F52007C8AED /* ConsolesTableViewController.swift */ = {isa = PBXFileReference; lastKnownFileType = sourcecode.swift; path = ConsolesTableViewController.swift; sourceTree = "<group>"; };
		4B45BA0929911F78007C8AED /* GameViewController.swift */ = {isa = PBXFileReference; lastKnownFileType = sourcecode.swift; path = GameViewController.swift; sourceTree = "<group>"; };
		4B45BA0B29911F93007C8AED /* AddEditViewController.swift */ = {isa = PBXFileReference; lastKnownFileType = sourcecode.swift; path = AddEditViewController.swift; sourceTree = "<group>"; };
		4B45BA0D29912299007C8AED /* GameTableViewCell.swift */ = {isa = PBXFileReference; lastKnownFileType = sourcecode.swift; path = GameTableViewCell.swift; sourceTree = "<group>"; };
		4BCB5D7D29991B420007F52E /* ConsolesManager.swift */ = {isa = PBXFileReference; lastKnownFileType = sourcecode.swift; path = ConsolesManager.swift; sourceTree = "<group>"; };
		4BEE648429941F36000F4126 /* ViewController+CoreData.swift */ = {isa = PBXFileReference; lastKnownFileType = sourcecode.swift; path = "ViewController+CoreData.swift"; sourceTree = "<group>"; };
/* End PBXFileReference section */

/* Begin PBXFrameworksBuildPhase section */
		4B45B9E8298EDD9D007C8AED /* Frameworks */ = {
			isa = PBXFrameworksBuildPhase;
			buildActionMask = 2147483647;
			files = (
			);
			runOnlyForDeploymentPostprocessing = 0;
		};
/* End PBXFrameworksBuildPhase section */

/* Begin PBXGroup section */
		4B45B9E2298EDD9D007C8AED = {
			isa = PBXGroup;
			children = (
				4B45B9ED298EDD9D007C8AED /* MyGames */,
				4B45B9EC298EDD9D007C8AED /* Products */,
			);
			sourceTree = "<group>";
		};
		4B45B9EC298EDD9D007C8AED /* Products */ = {
			isa = PBXGroup;
			children = (
				4B45B9EB298EDD9D007C8AED /* MyGames.app */,
			);
			name = Products;
			sourceTree = "<group>";
		};
		4B45B9ED298EDD9D007C8AED /* MyGames */ = {
			isa = PBXGroup;
			children = (
				4BEE648429941F36000F4126 /* ViewController+CoreData.swift */,
				4B45BA0529911F2E007C8AED /* GamesTableViewController.swift */,
				4B45BA0729911F52007C8AED /* ConsolesTableViewController.swift */,
				4BCB5D7D29991B420007F52E /* ConsolesManager.swift */,
				4B45B9EE298EDD9D007C8AED /* AppDelegate.swift */,
				4B45B9F0298EDD9D007C8AED /* SceneDelegate.swift */,
				4B45B9F2298EDD9D007C8AED /* ViewController.swift */,
				4B45B9F4298EDD9D007C8AED /* Main.storyboard */,
				4B45BA0D29912299007C8AED /* GameTableViewCell.swift */,
				4B45BA0B29911F93007C8AED /* AddEditViewController.swift */,
				4B45BA0929911F78007C8AED /* GameViewController.swift */,
				4B45B9FA298EDD9F007C8AED /* Assets.xcassets */,
				4B45B9FC298EDD9F007C8AED /* LaunchScreen.storyboard */,
				4B45B9FF298EDD9F007C8AED /* Info.plist */,
				4B45B9F7298EDD9D007C8AED /* MyGames.xcdatamodeld */,
			);
			path = MyGames;
			sourceTree = "<group>";
		};
/* End PBXGroup section */

/* Begin PBXNativeTarget section */
		4B45B9EA298EDD9D007C8AED /* MyGames */ = {
			isa = PBXNativeTarget;
			buildConfigurationList = 4B45BA02298EDD9F007C8AED /* Build configuration list for PBXNativeTarget "MyGames" */;
			buildPhases = (
				4B45B9E7298EDD9D007C8AED /* Sources */,
				4B45B9E8298EDD9D007C8AED /* Frameworks */,
				4B45B9E9298EDD9D007C8AED /* Resources */,
			);
			buildRules = (
			);
			dependencies = (
			);
			name = MyGames;
			productName = MyGames;
			productReference = 4B45B9EB298EDD9D007C8AED /* MyGames.app */;
			productType = "com.apple.product-type.application";
		};
/* End PBXNativeTarget section */

/* Begin PBXProject section */
		4B45B9E3298EDD9D007C8AED /* Project object */ = {
			isa = PBXProject;
			attributes = {
				BuildIndependentTargetsInParallel = 1;
				LastSwiftUpdateCheck = 1420;
				LastUpgradeCheck = 1420;
				TargetAttributes = {
					4B45B9EA298EDD9D007C8AED = {
						CreatedOnToolsVersion = 14.2;
					};
				};
			};
			buildConfigurationList = 4B45B9E6298EDD9D007C8AED /* Build configuration list for PBXProject "MyGames" */;
			compatibilityVersion = "Xcode 14.0";
			developmentRegion = en;
			hasScannedForEncodings = 0;
			knownRegions = (
				en,
				Base,
			);
			mainGroup = 4B45B9E2298EDD9D007C8AED;
			productRefGroup = 4B45B9EC298EDD9D007C8AED /* Products */;
			projectDirPath = "";
			projectRoot = "";
			targets = (
				4B45B9EA298EDD9D007C8AED /* MyGames */,
			);
		};
/* End PBXProject section */

/* Begin PBXResourcesBuildPhase section */
		4B45B9E9298EDD9D007C8AED /* Resources */ = {
			isa = PBXResourcesBuildPhase;
			buildActionMask = 2147483647;
			files = (
				4B45B9FE298EDD9F007C8AED /* LaunchScreen.storyboard in Resources */,
				4B45B9FB298EDD9F007C8AED /* Assets.xcassets in Resources */,
				4B45B9F6298EDD9D007C8AED /* Main.storyboard in Resources */,
			);
			runOnlyForDeploymentPostprocessing = 0;
		};
/* End PBXResourcesBuildPhase section */

/* Begin PBXSourcesBuildPhase section */
		4B45B9E7298EDD9D007C8AED /* Sources */ = {
			isa = PBXSourcesBuildPhase;
			buildActionMask = 2147483647;
			files = (
				4B45BA0A29911F78007C8AED /* GameViewController.swift in Sources */,
				4B45B9F3298EDD9D007C8AED /* ViewController.swift in Sources */,
				4B45BA0E29912299007C8AED /* GameTableViewCell.swift in Sources */,
				4B45B9EF298EDD9D007C8AED /* AppDelegate.swift in Sources */,
				4B45B9F1298EDD9D007C8AED /* SceneDelegate.swift in Sources */,
				4B45BA0C29911F93007C8AED /* AddEditViewController.swift in Sources */,
				4B45BA0829911F52007C8AED /* ConsolesTableViewController.swift in Sources */,
				4B45BA0629911F2E007C8AED /* GamesTableViewController.swift in Sources */,
				4BCB5D7E29991B420007F52E /* ConsolesManager.swift in Sources */,
				4B45B9F9298EDD9D007C8AED /* MyGames.xcdatamodeld in Sources */,
				4BEE648529941F36000F4126 /* ViewController+CoreData.swift in Sources */,
			);
			runOnlyForDeploymentPostprocessing = 0;
		};
/* End PBXSourcesBuildPhase section */

/* Begin PBXVariantGroup section */
		4B45B9F4298EDD9D007C8AED /* Main.storyboard */ = {
			isa = PBXVariantGroup;
			children = (
				4B45B9F5298EDD9D007C8AED /* Base */,
			);
			name = Main.storyboard;
			sourceTree = "<group>";
		};
		4B45B9FC298EDD9F007C8AED /* LaunchScreen.storyboard */ = {
			isa = PBXVariantGroup;
			children = (
				4B45B9FD298EDD9F007C8AED /* Base */,
			);
			name = LaunchScreen.storyboard;
			sourceTree = "<group>";
		};
/* End PBXVariantGroup section */

/* Begin XCBuildConfiguration section */
		4B45BA00298EDD9F007C8AED /* Debug */ = {
			isa = XCBuildConfiguration;
			buildSettings = {
				ALWAYS_SEARCH_USER_PATHS = NO;
				CLANG_ANALYZER_NONNULL = YES;
				CLANG_ANALYZER_NUMBER_OBJECT_CONVERSION = YES_AGGRESSIVE;
				CLANG_CXX_LANGUAGE_STANDARD = "gnu++20";
				CLANG_ENABLE_MODULES = YES;
				CLANG_ENABLE_OBJC_ARC = YES;
				CLANG_ENABLE_OBJC_WEAK = YES;
				CLANG_WARN_BLOCK_CAPTURE_AUTORELEASING = YES;
				CLANG_WARN_BOOL_CONVERSION = YES;
				CLANG_WARN_COMMA = YES;
				CLANG_WARN_CONSTANT_CONVERSION = YES;
				CLANG_WARN_DEPRECATED_OBJC_IMPLEMENTATIONS = YES;
				CLANG_WARN_DIRECT_OBJC_ISA_USAGE = YES_ERROR;
				CLANG_WARN_DOCUMENTATION_COMMENTS = YES;
				CLANG_WARN_EMPTY_BODY = YES;
				CLANG_WARN_ENUM_CONVERSION = YES;
				CLANG_WARN_INFINITE_RECURSION = YES;
				CLANG_WARN_INT_CONVERSION = YES;
				CLANG_WARN_NON_LITERAL_NULL_CONVERSION = YES;
				CLANG_WARN_OBJC_IMPLICIT_RETAIN_SELF = YES;
				CLANG_WARN_OBJC_LITERAL_CONVERSION = YES;
				CLANG_WARN_OBJC_ROOT_CLASS = YES_ERROR;
				CLANG_WARN_QUOTED_INCLUDE_IN_FRAMEWORK_HEADER = YES;
				CLANG_WARN_RANGE_LOOP_ANALYSIS = YES;
				CLANG_WARN_STRICT_PROTOTYPES = YES;
				CLANG_WARN_SUSPICIOUS_MOVE = YES;
				CLANG_WARN_UNGUARDED_AVAILABILITY = YES_AGGRESSIVE;
				CLANG_WARN_UNREACHABLE_CODE = YES;
				CLANG_WARN__DUPLICATE_METHOD_MATCH = YES;
				COPY_PHASE_STRIP = NO;
				DEBUG_INFORMATION_FORMAT = dwarf;
				ENABLE_STRICT_OBJC_MSGSEND = YES;
				ENABLE_TESTABILITY = YES;
				GCC_C_LANGUAGE_STANDARD = gnu11;
				GCC_DYNAMIC_NO_PIC = NO;
				GCC_NO_COMMON_BLOCKS = YES;
				GCC_OPTIMIZATION_LEVEL = 0;
				GCC_PREPROCESSOR_DEFINITIONS = (
					"DEBUG=1",
					"$(inherited)",
				);
				GCC_WARN_64_TO_32_BIT_CONVERSION = YES;
				GCC_WARN_ABOUT_RETURN_TYPE = YES_ERROR;
				GCC_WARN_UNDECLARED_SELECTOR = YES;
				GCC_WARN_UNINITIALIZED_AUTOS = YES_AGGRESSIVE;
				GCC_WARN_UNUSED_FUNCTION = YES;
				GCC_WARN_UNUSED_VARIABLE = YES;
				IPHONEOS_DEPLOYMENT_TARGET = 16.2;
				MTL_ENABLE_DEBUG_INFO = INCLUDE_SOURCE;
				MTL_FAST_MATH = YES;
				ONLY_ACTIVE_ARCH = YES;
				SDKROOT = iphoneos;
				SWIFT_ACTIVE_COMPILATION_CONDITIONS = DEBUG;
				SWIFT_OPTIMIZATION_LEVEL = "-Onone";
			};
			name = Debug;
		};
		4B45BA01298EDD9F007C8AED /* Release */ = {
			isa = XCBuildConfiguration;
			buildSettings = {
				ALWAYS_SEARCH_USER_PATHS = NO;
				CLANG_ANALYZER_NONNULL = YES;
				CLANG_ANALYZER_NUMBER_OBJECT_CONVERSION = YES_AGGRESSIVE;
				CLANG_CXX_LANGUAGE_STANDARD = "gnu++20";
				CLANG_ENABLE_MODULES = YES;
				CLANG_ENABLE_OBJC_ARC = YES;
				CLANG_ENABLE_OBJC_WEAK = YES;
				CLANG_WARN_BLOCK_CAPTURE_AUTORELEASING = YES;
				CLANG_WARN_BOOL_CONVERSION = YES;
				CLANG_WARN_COMMA = YES;
				CLANG_WARN_CONSTANT_CONVERSION = YES;
				CLANG_WARN_DEPRECATED_OBJC_IMPLEMENTATIONS = YES;
				CLANG_WARN_DIRECT_OBJC_ISA_USAGE = YES_ERROR;
				CLANG_WARN_DOCUMENTATION_COMMENTS = YES;
				CLANG_WARN_EMPTY_BODY = YES;
				CLANG_WARN_ENUM_CONVERSION = YES;
				CLANG_WARN_INFINITE_RECURSION = YES;
				CLANG_WARN_INT_CONVERSION = YES;
				CLANG_WARN_NON_LITERAL_NULL_CONVERSION = YES;
				CLANG_WARN_OBJC_IMPLICIT_RETAIN_SELF = YES;
				CLANG_WARN_OBJC_LITERAL_CONVERSION = YES;
				CLANG_WARN_OBJC_ROOT_CLASS = YES_ERROR;
				CLANG_WARN_QUOTED_INCLUDE_IN_FRAMEWORK_HEADER = YES;
				CLANG_WARN_RANGE_LOOP_ANALYSIS = YES;
				CLANG_WARN_STRICT_PROTOTYPES = YES;
				CLANG_WARN_SUSPICIOUS_MOVE = YES;
				CLANG_WARN_UNGUARDED_AVAILABILITY = YES_AGGRESSIVE;
				CLANG_WARN_UNREACHABLE_CODE = YES;
				CLANG_WARN__DUPLICATE_METHOD_MATCH = YES;
				COPY_PHASE_STRIP = NO;
				DEBUG_INFORMATION_FORMAT = "dwarf-with-dsym";
				ENABLE_NS_ASSERTIONS = NO;
				ENABLE_STRICT_OBJC_MSGSEND = YES;
				GCC_C_LANGUAGE_STANDARD = gnu11;
				GCC_NO_COMMON_BLOCKS = YES;
				GCC_WARN_64_TO_32_BIT_CONVERSION = YES;
				GCC_WARN_ABOUT_RETURN_TYPE = YES_ERROR;
				GCC_WARN_UNDECLARED_SELECTOR = YES;
				GCC_WARN_UNINITIALIZED_AUTOS = YES_AGGRESSIVE;
				GCC_WARN_UNUSED_FUNCTION = YES;
				GCC_WARN_UNUSED_VARIABLE = YES;
				IPHONEOS_DEPLOYMENT_TARGET = 16.2;
				MTL_ENABLE_DEBUG_INFO = NO;
				MTL_FAST_MATH = YES;
				SDKROOT = iphoneos;
				SWIFT_COMPILATION_MODE = wholemodule;
				SWIFT_OPTIMIZATION_LEVEL = "-O";
				VALIDATE_PRODUCT = YES;
			};
			name = Release;
		};
		4B45BA03298EDD9F007C8AED /* Debug */ = {
			isa = XCBuildConfiguration;
			buildSettings = {
				ASSETCATALOG_COMPILER_APPICON_NAME = AppIcon;
				ASSETCATALOG_COMPILER_GLOBAL_ACCENT_COLOR_NAME = AccentColor;
				CODE_SIGN_STYLE = Automatic;
				CURRENT_PROJECT_VERSION = 1;
				DEVELOPMENT_TEAM = DWGTWS5S2X;
				GENERATE_INFOPLIST_FILE = YES;
				INFOPLIST_FILE = MyGames/Info.plist;
				INFOPLIST_KEY_UIApplicationSupportsIndirectInputEvents = YES;
				INFOPLIST_KEY_UILaunchStoryboardName = LaunchScreen;
				INFOPLIST_KEY_UIMainStoryboardFile = Main;
				INFOPLIST_KEY_UISupportedInterfaceOrientations = UIInterfaceOrientationPortrait;
				INFOPLIST_KEY_UISupportedInterfaceOrientations_iPad = "UIInterfaceOrientationLandscapeLeft UIInterfaceOrientationLandscapeRight UIInterfaceOrientationPortrait UIInterfaceOrientationPortraitUpsideDown";
				LD_RUNPATH_SEARCH_PATHS = (
					"$(inherited)",
					"@executable_path/Frameworks",
				);
				MARKETING_VERSION = 1.0;
				PRODUCT_BUNDLE_IDENTIFIER = br.com.vinimdev.MyGames;
				PRODUCT_NAME = "$(TARGET_NAME)";
				SUPPORTED_PLATFORMS = "iphoneos iphonesimulator";
				SUPPORTS_MACCATALYST = NO;
				SUPPORTS_MAC_DESIGNED_FOR_IPHONE_IPAD = NO;
				SWIFT_EMIT_LOC_STRINGS = YES;
				SWIFT_VERSION = 5.0;
				TARGETED_DEVICE_FAMILY = 1;
			};
			name = Debug;
		};
		4B45BA04298EDD9F007C8AED /* Release */ = {
			isa = XCBuildConfiguration;
			buildSettings = {
				ASSETCATALOG_COMPILER_APPICON_NAME = AppIcon;
				ASSETCATALOG_COMPILER_GLOBAL_ACCENT_COLOR_NAME = AccentColor;
				CODE_SIGN_STYLE = Automatic;
				CURRENT_PROJECT_VERSION = 1;
				DEVELOPMENT_TEAM = DWGTWS5S2X;
				GENERATE_INFOPLIST_FILE = YES;
				INFOPLIST_FILE = MyGames/Info.plist;
				INFOPLIST_KEY_UIApplicationSupportsIndirectInputEvents = YES;
				INFOPLIST_KEY_UILaunchStoryboardName = LaunchScreen;
				INFOPLIST_KEY_UIMainStoryboardFile = Main;
				INFOPLIST_KEY_UISupportedInterfaceOrientations = UIInterfaceOrientationPortrait;
				INFOPLIST_KEY_UISupportedInterfaceOrientations_iPad = "UIInterfaceOrientationLandscapeLeft UIInterfaceOrientationLandscapeRight UIInterfaceOrientationPortrait UIInterfaceOrientationPortraitUpsideDown";
				LD_RUNPATH_SEARCH_PATHS = (
					"$(inherited)",
					"@executable_path/Frameworks",
				);
				MARKETING_VERSION = 1.0;
				PRODUCT_BUNDLE_IDENTIFIER = br.com.vinimdev.MyGames;
				PRODUCT_NAME = "$(TARGET_NAME)";
				SUPPORTED_PLATFORMS = "iphoneos iphonesimulator";
				SUPPORTS_MACCATALYST = NO;
				SUPPORTS_MAC_DESIGNED_FOR_IPHONE_IPAD = NO;
				SWIFT_EMIT_LOC_STRINGS = YES;
				SWIFT_VERSION = 5.0;
				TARGETED_DEVICE_FAMILY = 1;
			};
			name = Release;
		};
/* End XCBuildConfiguration section */

/* Begin XCConfigurationList section */
		4B45B9E6298EDD9D007C8AED /* Build configuration list for PBXProject "MyGames" */ = {
			isa = XCConfigurationList;
			buildConfigurations = (
				4B45BA00298EDD9F007C8AED /* Debug */,
				4B45BA01298EDD9F007C8AED /* Release */,
			);
			defaultConfigurationIsVisible = 0;
			defaultConfigurationName = Release;
		};
		4B45BA02298EDD9F007C8AED /* Build configuration list for PBXNativeTarget "MyGames" */ = {
			isa = XCConfigurationList;
			buildConfigurations = (
				4B45BA03298EDD9F007C8AED /* Debug */,
				4B45BA04298EDD9F007C8AED /* Release */,
			);
			defaultConfigurationIsVisible = 0;
			defaultConfigurationName = Release;
		};
/* End XCConfigurationList section */

/* Begin XCVersionGroup section */
		4B45B9F7298EDD9D007C8AED /* MyGames.xcdatamodeld */ = {
			isa = XCVersionGroup;
			children = (
				4B45B9F8298EDD9D007C8AED /* MyGames.xcdatamodel */,
			);
			currentVersion = 4B45B9F8298EDD9D007C8AED /* MyGames.xcdatamodel */;
			path = MyGames.xcdatamodeld;
			sourceTree = "<group>";
			versionGroupType = wrapper.xcdatamodel;
		};
/* End XCVersionGroup section */
	};
	rootObject = 4B45B9E3298EDD9D007C8AED /* Project object */;
}
